
Microsoft Visual Studio Solution File, Format Version 12.00
# Visual Studio 15
VisualStudioVersion = 15.0.28307.902
MinimumVisualStudioVersion = 10.0.40219.1
Project("{8BC9CEB8-8B4A-11D0-8D11-00A0C91BC942}") = "cThostTraderApi", "cThostTraderApi\cThostTraderApi.vcxproj", "{6684F37D-3730-4111-92BD-9D4B4A2327A0}"
EndProject
Project("{8BC9CEB8-8B4A-11D0-8D11-00A0C91BC942}") = "demo", "demo\demo.vcxproj", "{41BF49EA-3584-480B-AA9A-4DE352302CDD}"
	ProjectSection(ProjectDependencies) = postProject
		{A2A50C78-2990-4B67-B646-98DBCAFFF955} = {A2A50C78-2990-4B67-B646-98DBCAFFF955}
		{6684F37D-3730-4111-92BD-9D4B4A2327A0} = {6684F37D-3730-4111-92BD-9D4B4A2327A0}
	EndProjectSection
EndProject
Project("{8BC9CEB8-8B4A-11D0-8D11-00A0C91BC942}") = "cRemApi", "cRemApi\cRemApi.vcxproj", "{A2A50C78-2990-4B67-B646-98DBCAFFF955}"
EndProject
Global
	GlobalSection(SolutionConfigurationPlatforms) = preSolution
		Debug|x64 = Debug|x64
		Debug|x86 = Debug|x86
		Release|x64 = Release|x64
		Release|x86 = Release|x86
	EndGlobalSection
	GlobalSection(ProjectConfigurationPlatforms) = postSolution
		{6684F37D-3730-4111-92BD-9D4B4A2327A0}.Debug|x64.ActiveCfg = Debug|x64
		{6684F37D-3730-4111-92BD-9D4B4A2327A0}.Debug|x64.Build.0 = Debug|x64
		{6684F37D-3730-4111-92BD-9D4B4A2327A0}.Debug|x86.ActiveCfg = Debug|Win32
		{6684F37D-3730-4111-92BD-9D4B4A2327A0}.Debug|x86.Build.0 = Debug|Win32
		{6684F37D-3730-4111-92BD-9D4B4A2327A0}.Release|x64.ActiveCfg = Release|x64
		{6684F37D-3730-4111-92BD-9D4B4A2327A0}.Release|x64.Build.0 = Release|x64
		{6684F37D-3730-4111-92BD-9D4B4A2327A0}.Release|x86.ActiveCfg = Release|Win32
		{6684F37D-3730-4111-92BD-9D4B4A2327A0}.Release|x86.Build.0 = Release|Win32
		{41BF49EA-3584-480B-AA9A-4DE352302CDD}.Debug|x64.ActiveCfg = Debug|x64
		{41BF49EA-3584-480B-AA9A-4DE352302CDD}.Debug|x64.Build.0 = Debug|x64
		{41BF49EA-3584-480B-AA9A-4DE352302CDD}.Debug|x86.ActiveCfg = Debug|Win32
		{41BF49EA-3584-480B-AA9A-4DE352302CDD}.Debug|x86.Build.0 = Debug|Win32
		{41BF49EA-3584-480B-AA9A-4DE352302CDD}.Release|x64.ActiveCfg = Release|x64
		{41BF49EA-3584-480B-AA9A-4DE352302CDD}.Release|x64.Build.0 = Release|x64
		{41BF49EA-3584-480B-AA9A-4DE352302CDD}.Release|x86.ActiveCfg = Release|Win32
		{41BF49EA-3584-480B-AA9A-4DE352302CDD}.Release|x86.Build.0 = Release|Win32
		{A2A50C78-2990-4B67-B646-98DBCAFFF955}.Debug|x64.ActiveCfg = Debug|x64
		{A2A50C78-2990-4B67-B646-98DBCAFFF955}.Debug|x64.Build.0 = Debug|x64
		{A2A50C78-2990-4B67-B646-98DBCAFFF955}.Debug|x86.ActiveCfg = Debug|Win32
		{A2A50C78-2990-4B67-B646-98DBCAFFF955}.Debug|x86.Build.0 = Debug|Win32
		{A2A50C78-2990-4B67-B646-98DBCAFFF955}.Release|x64.ActiveCfg = Release|x64
		{A2A50C78-2990-4B67-B646-98DBCAFFF955}.Release|x64.Build.0 = Release|x64
		{A2A50C78-2990-4B67-B646-98DBCAFFF955}.Release|x86.ActiveCfg = Release|Win32
		{A2A50C78-2990-4B67-B646-98DBCAFFF955}.Release|x86.Build.0 = Release|Win32
	EndGlobalSection
	GlobalSection(SolutionProperties) = preSolution
		HideSolutionNode = FALSE
	EndGlobalSection
	GlobalSection(ExtensibilityGlobals) = postSolution
		SolutionGuid = {D011A08F-CC77-4AD1-9199-D96EDB4A8191}
	EndGlobalSection
EndGlobal
