<?xml version="1.0" encoding="utf-8"?>
<Project ToolsVersion="4.0" xmlns="http://schemas.microsoft.com/developer/msbuild/2003">
  <ItemGroup>
    <Filter Include="源文件">
      <UniqueIdentifier>{4FC737F1-C7A5-4376-A066-2A32D752A2FF}</UniqueIdentifier>
      <Extensions>cpp;c;cc;cxx;c++;def;odl;idl;hpj;bat;asm;asmx</Extensions>
    </Filter>
    <Filter Include="头文件">
      <UniqueIdentifier>{93995380-89BD-4b04-88EB-625FBE52EBFB}</UniqueIdentifier>
      <Extensions>h;hh;hpp;hxx;h++;hm;inl;inc;ipp;xsd</Extensions>
    </Filter>
    <Filter Include="资源文件">
      <UniqueIdentifier>{67DA6AB6-F800-4c08-8B7A-83BB121AAD01}</UniqueIdentifier>
      <Extensions>rc;ico;cur;bmp;dlg;rc2;rct;bin;rgs;gif;jpg;jpeg;jpe;resx;tiff;tif;png;wav;mfcribbon-ms</Extensions>
    </Filter>
    <Filter Include="libs">
      <UniqueIdentifier>{51920d1a-26f3-4832-8d86-d79f16606df8}</UniqueIdentifier>
    </Filter>
    <Filter Include="libs\x86">
      <UniqueIdentifier>{306c9fa4-3cd4-458e-8258-d82c5377d0d2}</UniqueIdentifier>
    </Filter>
    <Filter Include="libs\x64">
      <UniqueIdentifier>{0d05cc7c-a1f5-45b8-84c3-4273c6f3c524}</UniqueIdentifier>
    </Filter>
  </ItemGroup>
  <ItemGroup>
    <None Include="error.dtd">
      <Filter>资源文件</Filter>
    </None>
    <None Include="setting.ini">
      <Filter>资源文件</Filter>
    </None>
    <None Include="setting.ini.example">
      <Filter>资源文件</Filter>
    </None>
    <None Include="libs\x64\thosttraderapi_se.dll">
      <Filter>libs\x64</Filter>
    </None>
    <None Include="libs\x86\thosttraderapi_se.dll">
      <Filter>libs\x86</Filter>
    </None>
  </ItemGroup>
  <ItemGroup>
    <ClInclude Include="ThostFtdcMdApi.h">
      <Filter>头文件</Filter>
    </ClInclude>
    <ClInclude Include="ThostFtdcTraderApi.h">
      <Filter>头文件</Filter>
    </ClInclude>
    <ClInclude Include="ThostFtdcUserApiDataType.h">
      <Filter>头文件</Filter>
    </ClInclude>
    <ClInclude Include="ThostFtdcUserApiStruct.h">
      <Filter>头文件</Filter>
    </ClInclude>
    <ClInclude Include="TDUserApi.h">
      <Filter>头文件</Filter>
    </ClInclude>
    <ClInclude Include="ini.h">
      <Filter>头文件</Filter>
    </ClInclude>
    <ClInclude Include="Command.h">
      <Filter>头文件</Filter>
    </ClInclude>
    <ClInclude Include="tools.h">
      <Filter>头文件</Filter>
    </ClInclude>
  </ItemGroup>
  <ItemGroup>
    <Xml Include="error.xml">
      <Filter>资源文件</Filter>
    </Xml>
  </ItemGroup>
  <ItemGroup>
    <ClCompile Include="TDUserApi.cpp">
      <Filter>源文件</Filter>
    </ClCompile>
    <ClCompile Include="main.cpp">
      <Filter>源文件</Filter>
    </ClCompile>
    <ClCompile Include="Command.cpp">
      <Filter>源文件</Filter>
    </ClCompile>
    <ClCompile Include="tools.cpp">
      <Filter>源文件</Filter>
    </ClCompile>
  </ItemGroup>
  <ItemGroup>
    <Library Include="libs\x64\thosttraderapi_se.lib">
      <Filter>libs\x64</Filter>
    </Library>
    <Library Include="libs\x86\thosttraderapi_se.lib">
      <Filter>libs\x86</Filter>
    </Library>
  </ItemGroup>
</Project>